// !$*UTF8*$!
{
	archiveVersion = 1;
	classes = {
	};
	objectVersion = 46;
	objects = {

/* Begin PBXBuildFile section */
		2A00648D1B2FA2E40083BC4B /* main.m in Sources */ = {isa = PBXBuildFile; fileRef = 2A00648C1B2FA2E40083BC4B /* main.m */; };
		2A0064901B2FA2E40083BC4B /* AppDelegate.m in Sources */ = {isa = PBXBuildFile; fileRef = 2A00648F1B2FA2E40083BC4B /* AppDelegate.m */; };
		2A0064981B2FA2E40083BC4B /* Images.xcassets in Resources */ = {isa = PBXBuildFile; fileRef = 2A0064971B2FA2E40083BC4B /* Images.xcassets */; };
		2A0064A71B2FA2E40083BC4B /* QuizTests.m in Sources */ = {isa = PBXBuildFile; fileRef = 2A0064A61B2FA2E40083BC4B /* QuizTests.m */; };
		2A0064B31B2FA4F30083BC4B /* QuizViewController.m in Sources */ = {isa = PBXBuildFile; fileRef = 2A0064B11B2FA4F30083BC4B /* QuizViewController.m */; };
		2A0064B41B2FA4F30083BC4B /* QuizViewController.xib in Resources */ = {isa = PBXBuildFile; fileRef = 2A0064B21B2FA4F30083BC4B /* QuizViewController.xib */; };
/* End PBXBuildFile section */

/* Begin PBXContainerItemProxy section */
		2A0064A11B2FA2E40083BC4B /* PBXContainerItemProxy */ = {
			isa = PBXContainerItemProxy;
			containerPortal = 2A00647F1B2FA2E40083BC4B /* Project object */;
			proxyType = 1;
			remoteGlobalIDString = 2A0064861B2FA2E40083BC4B;
			remoteInfo = Quiz;
		};
/* End PBXContainerItemProxy section */

/* Begin PBXFileReference section */
		2A0064871B2FA2E40083BC4B /* Quiz.app */ = {isa = PBXFileReference; explicitFileType = wrapper.application; includeInIndex = 0; path = Quiz.app; sourceTree = BUILT_PRODUCTS_DIR; };
		2A00648B1B2FA2E40083BC4B /* Info.plist */ = {isa = PBXFileReference; lastKnownFileType = text.plist.xml; path = Info.plist; sourceTree = "<group>"; };
		2A00648C1B2FA2E40083BC4B /* main.m */ = {isa = PBXFileReference; lastKnownFileType = sourcecode.c.objc; path = main.m; sourceTree = "<group>"; };
		2A00648E1B2FA2E40083BC4B /* AppDelegate.h */ = {isa = PBXFileReference; lastKnownFileType = sourcecode.c.h; path = AppDelegate.h; sourceTree = "<group>"; };
		2A00648F1B2FA2E40083BC4B /* AppDelegate.m */ = {isa = PBXFileReference; lastKnownFileType = sourcecode.c.objc; path = AppDelegate.m; sourceTree = "<group>"; };
		2A0064971B2FA2E40083BC4B /* Images.xcassets */ = {isa = PBXFileReference; lastKnownFileType = folder.assetcatalog; path = Images.xcassets; sourceTree = "<group>"; };
		2A0064A01B2FA2E40083BC4B /* QuizTests.xctest */ = {isa = PBXFileReference; explicitFileType = wrapper.cfbundle; includeInIndex = 0; path = QuizTests.xctest; sourceTree = BUILT_PRODUCTS_DIR; };
		2A0064A51B2FA2E40083BC4B /* Info.plist */ = {isa = PBXFileReference; lastKnownFileType = text.plist.xml; path = Info.plist; sourceTree = "<group>"; };
		2A0064A61B2FA2E40083BC4B /* QuizTests.m */ = {isa = PBXFileReference; lastKnownFileType = sourcecode.c.objc; path = QuizTests.m; sourceTree = "<group>"; };
		2A0064B01B2FA4F30083BC4B /* QuizViewController.h */ = {isa = PBXFileReference; fileEncoding = 4; lastKnownFileType = sourcecode.c.h; path = QuizViewController.h; sourceTree = "<group>"; };
		2A0064B11B2FA4F30083BC4B /* QuizViewController.m */ = {isa = PBXFileReference; fileEncoding = 4; lastKnownFileType = sourcecode.c.objc; path = QuizViewController.m; sourceTree = "<group>"; };
		2A0064B21B2FA4F30083BC4B /* QuizViewController.xib */ = {isa = PBXFileReference; fileEncoding = 4; lastKnownFileType = file.xib; path = QuizViewController.xib; sourceTree = "<group>"; };
/* End PBXFileReference section */

/* Begin PBXFrameworksBuildPhase section */
		2A0064841B2FA2E40083BC4B /* Frameworks */ = {
			isa = PBXFrameworksBuildPhase;
			buildActionMask = 2147483647;
			files = (
			);
			runOnlyForDeploymentPostprocessing = 0;
		};
		2A00649D1B2FA2E40083BC4B /* Frameworks */ = {
			isa = PBXFrameworksBuildPhase;
			buildActionMask = 2147483647;
			files = (
			);
			runOnlyForDeploymentPostprocessing = 0;
		};
/* End PBXFrameworksBuildPhase section */

/* Begin PBXGroup section */
		2A00647E1B2FA2E40083BC4B = {
			isa = PBXGroup;
			children = (
				2A0064891B2FA2E40083BC4B /* Quiz */,
				2A0064A31B2FA2E40083BC4B /* QuizTests */,
				2A0064881B2FA2E40083BC4B /* Products */,
			);
			sourceTree = "<group>";
		};
		2A0064881B2FA2E40083BC4B /* Products */ = {
			isa = PBXGroup;
			children = (
				2A0064871B2FA2E40083BC4B /* Quiz.app */,
				2A0064A01B2FA2E40083BC4B /* QuizTests.xctest */,
			);
			name = Products;
			sourceTree = "<group>";
		};
		2A0064891B2FA2E40083BC4B /* Quiz */ = {
			isa = PBXGroup;
			children = (
				2A00648E1B2FA2E40083BC4B /* AppDelegate.h */,
				2A00648F1B2FA2E40083BC4B /* AppDelegate.m */,
				2A0064B01B2FA4F30083BC4B /* QuizViewController.h */,
				2A0064B11B2FA4F30083BC4B /* QuizViewController.m */,
				2A0064B21B2FA4F30083BC4B /* QuizViewController.xib */,
				2A0064971B2FA2E40083BC4B /* Images.xcassets */,
				2A00648A1B2FA2E40083BC4B /* Supporting Files */,
			);
			path = Quiz;
			sourceTree = "<group>";
		};
		2A00648A1B2FA2E40083BC4B /* Supporting Files */ = {
			isa = PBXGroup;
			children = (
				2A00648B1B2FA2E40083BC4B /* Info.plist */,
				2A00648C1B2FA2E40083BC4B /* main.m */,
			);
			name = "Supporting Files";
			sourceTree = "<group>";
		};
		2A0064A31B2FA2E40083BC4B /* QuizTests */ = {
			isa = PBXGroup;
			children = (
				2A0064A61B2FA2E40083BC4B /* QuizTests.m */,
				2A0064A41B2FA2E40083BC4B /* Supporting Files */,
			);
			path = QuizTests;
			sourceTree = "<group>";
		};
		2A0064A41B2FA2E40083BC4B /* Supporting Files */ = {
			isa = PBXGroup;
			children = (
				2A0064A51B2FA2E40083BC4B /* Info.plist */,
			);
			name = "Supporting Files";
			sourceTree = "<group>";
		};
/* End PBXGroup section */

/* Begin PBXNativeTarget section */
		2A0064861B2FA2E40083BC4B /* Quiz */ = {
			isa = PBXNativeTarget;
			buildConfigurationList = 2A0064AA1B2FA2E40083BC4B /* Build configuration list for PBXNativeTarget "Quiz" */;
			buildPhases = (
				2A0064831B2FA2E40083BC4B /* Sources */,
				2A0064841B2FA2E40083BC4B /* Frameworks */,
				2A0064851B2FA2E40083BC4B /* Resources */,
			);
			buildRules = (
			);
			dependencies = (
			);
			name = Quiz;
			productName = Quiz;
			productReference = 2A0064871B2FA2E40083BC4B /* Quiz.app */;
			productType = "com.apple.product-type.application";
		};
		2A00649F1B2FA2E40083BC4B /* QuizTests */ = {
			isa = PBXNativeTarget;
			buildConfigurationList = 2A0064AD1B2FA2E40083BC4B /* Build configuration list for PBXNativeTarget "QuizTests" */;
			buildPhases = (
				2A00649C1B2FA2E40083BC4B /* Sources */,
				2A00649D1B2FA2E40083BC4B /* Frameworks */,
				2A00649E1B2FA2E40083BC4B /* Resources */,
			);
			buildRules = (
			);
			dependencies = (
				2A0064A21B2FA2E40083BC4B /* PBXTargetDependency */,
			);
			name = QuizTests;
			productName = QuizTests;
			productReference = 2A0064A01B2FA2E40083BC4B /* QuizTests.xctest */;
			productType = "com.apple.product-type.bundle.unit-test";
		};
/* End PBXNativeTarget section */

/* Begin PBXProject section */
		2A00647F1B2FA2E40083BC4B /* Project object */ = {
			isa = PBXProject;
			attributes = {
				LastUpgradeCheck = 0630;
				ORGANIZATIONNAME = BNF;
				TargetAttributes = {
					2A0064861B2FA2E40083BC4B = {
						CreatedOnToolsVersion = 6.3.2;
						DevelopmentTeam = 9MJYPLS5JG;
					};
					2A00649F1B2FA2E40083BC4B = {
						CreatedOnToolsVersion = 6.3.2;
						TestTargetID = 2A0064861B2FA2E40083BC4B;
					};
				};
			};
			buildConfigurationList = 2A0064821B2FA2E40083BC4B /* Build configuration list for PBXProject "Quiz" */;
			compatibilityVersion = "Xcode 3.2";
			developmentRegion = English;
			hasScannedForEncodings = 0;
			knownRegions = (
				en,
				Base,
			);
			mainGroup = 2A00647E1B2FA2E40083BC4B;
			productRefGroup = 2A0064881B2FA2E40083BC4B /* Products */;
			projectDirPath = "";
			projectRoot = "";
			targets = (
				2A0064861B2FA2E40083BC4B /* Quiz */,
				2A00649F1B2FA2E40083BC4B /* QuizTests */,
			);
		};
/* End PBXProject section */

/* Begin PBXResourcesBuildPhase section */
		2A0064851B2FA2E40083BC4B /* Resources */ = {
			isa = PBXResourcesBuildPhase;
			buildActionMask = 2147483647;
			files = (
				2A0064981B2FA2E40083BC4B /* Images.xcassets in Resources */,
				2A0064B41B2FA4F30083BC4B /* QuizViewController.xib in Resources */,
			);
			runOnlyForDeploymentPostprocessing = 0;
		};
		2A00649E1B2FA2E40083BC4B /* Resources */ = {
			isa = PBXResourcesBuildPhase;
			buildActionMask = 2147483647;
			files = (
			);
			runOnlyForDeploymentPostprocessing = 0;
		};
/* End PBXResourcesBuildPhase section */

/* Begin PBXSourcesBuildPhase section */
		2A0064831B2FA2E40083BC4B /* Sources */ = {
			isa = PBXSourcesBuildPhase;
			buildActionMask = 2147483647;
			files = (
				2A0064901B2FA2E40083BC4B /* AppDelegate.m in Sources */,
				2A00648D1B2FA2E40083BC4B /* main.m in Sources */,
				2A0064B31B2FA4F30083BC4B /* QuizViewController.m in Sources */,
			);
			runOnlyForDeploymentPostprocessing = 0;
		};
		2A00649C1B2FA2E40083BC4B /* Sources */ = {
			isa = PBXSourcesBuildPhase;
			buildActionMask = 2147483647;
			files = (
				2A0064A71B2FA2E40083BC4B /* QuizTests.m in Sources */,
			);
			runOnlyForDeploymentPostprocessing = 0;
		};
/* End PBXSourcesBuildPhase section */

/* Begin PBXTargetDependency section */
		2A0064A21B2FA2E40083BC4B /* PBXTargetDependency */ = {
			isa = PBXTargetDependency;
			target = 2A0064861B2FA2E40083BC4B /* Quiz */;
			targetProxy = 2A0064A11B2FA2E40083BC4B /* PBXContainerItemProxy */;
		};
/* End PBXTargetDependency section */

/* Begin XCBuildConfiguration section */
		2A0064A81B2FA2E40083BC4B /* Debug */ = {
			isa = XCBuildConfiguration;
			buildSettings = {
				ALWAYS_SEARCH_USER_PATHS = NO;
				CLANG_CXX_LANGUAGE_STANDARD = "gnu++0x";
				CLANG_CXX_LIBRARY = "libc++";
				CLANG_ENABLE_MODULES = YES;
				CLANG_ENABLE_OBJC_ARC = YES;
				CLANG_WARN_BOOL_CONVERSION = YES;
				CLANG_WARN_CONSTANT_CONVERSION = YES;
				CLANG_WARN_DIRECT_OBJC_ISA_USAGE = YES_ERROR;
				CLANG_WARN_EMPTY_BODY = YES;
				CLANG_WARN_ENUM_CONVERSION = YES;
				CLANG_WARN_INT_CONVERSION = YES;
				CLANG_WARN_OBJC_ROOT_CLASS = YES_ERROR;
				CLANG_WARN_UNREACHABLE_CODE = YES;
				CLANG_WARN__DUPLICATE_METHOD_MATCH = YES;
				"CODE_SIGN_IDENTITY[sdk=iphoneos*]" = "iPhone Developer";
				COPY_PHASE_STRIP = NO;
				DEBUG_INFORMATION_FORMAT = "dwarf-with-dsym";
				ENABLE_STRICT_OBJC_MSGSEND = YES;
				GCC_C_LANGUAGE_STANDARD = gnu99;
				GCC_DYNAMIC_NO_PIC = NO;
				GCC_NO_COMMON_BLOCKS = YES;
				GCC_OPTIMIZATION_LEVEL = 0;
				GCC_PREPROCESSOR_DEFINITIONS = (
					"DEBUG=1",
					"$(inherited)",
				);
				GCC_SYMBOLS_PRIVATE_EXTERN = NO;
				GCC_WARN_64_TO_32_BIT_CONVERSION = YES;
				GCC_WARN_ABOUT_RETURN_TYPE = YES_ERROR;
				GCC_WARN_UNDECLARED_SELECTOR = YES;
				GCC_WARN_UNINITIALIZED_AUTOS = YES_AGGRESSIVE;
				GCC_WARN_UNUSED_FUNCTION = YES;
				GCC_WARN_UNUSED_VARIABLE = YES;
				IPHONEOS_DEPLOYMENT_TARGET = 8.3;
				MTL_ENABLE_DEBUG_INFO = YES;
				ONLY_ACTIVE_ARCH = YES;
				SDKROOT = iphoneos;
			};
			name = Debug;
		};
		2A0064A91B2FA2E40083BC4B /* Release */ = {
			isa = XCBuildConfiguration;
			buildSettings = {
				ALWAYS_SEARCH_USER_PATHS = NO;
				CLANG_CXX_LANGUAGE_STANDARD = "gnu++0x";
				CLANG_CXX_LIBRARY = "libc++";
				CLANG_ENABLE_MODULES = YES;
				CLANG_ENABLE_OBJC_ARC = YES;
				CLANG_WARN_BOOL_CONVERSION = YES;
				CLANG_WARN_CONSTANT_CONVERSION = YES;
				CLANG_WARN_DIRECT_OBJC_ISA_USAGE = YES_ERROR;
				CLANG_WARN_EMPTY_BODY = YES;
				CLANG_WARN_ENUM_CONVERSION = YES;
				CLANG_WARN_INT_CONVERSION = YES;
				CLANG_WARN_OBJC_ROOT_CLASS = YES_ERROR;
				CLANG_WARN_UNREACHABLE_CODE = YES;
				CLANG_WARN__DUPLICATE_METHOD_MATCH = YES;
				"CODE_SIGN_IDENTITY[sdk=iphoneos*]" = "iPhone Developer";
				COPY_PHASE_STRIP = NO;
				DEBUG_INFORMATION_FORMAT = "dwarf-with-dsym";
				ENABLE_NS_ASSERTIONS = NO;
				ENABLE_STRICT_OBJC_MSGSEND = YES;
				GCC_C_LANGUAGE_STANDARD = gnu99;
				GCC_NO_COMMON_BLOCKS = YES;
				GCC_WARN_64_TO_32_BIT_CONVERSION = YES;
				GCC_WARN_ABOUT_RETURN_TYPE = YES_ERROR;
				GCC_WARN_UNDECLARED_SELECTOR = YES;
				GCC_WARN_UNINITIALIZED_AUTOS = YES_AGGRESSIVE;
				GCC_WARN_UNUSED_FUNCTION = YES;
				GCC_WARN_UNUSED_VARIABLE = YES;
				IPHONEOS_DEPLOYMENT_TARGET = 8.3;
				MTL_ENABLE_DEBUG_INFO = NO;
				SDKROOT = iphoneos;
				VALIDATE_PRODUCT = YES;
			};
			name = Release;
		};
		2A0064AB1B2FA2E40083BC4B /* Debug */ = {
			isa = XCBuildConfiguration;
			buildSettings = {
				ASSETCATALOG_COMPILER_APPICON_NAME = AppIcon;
				ASSETCATALOG_COMPILER_LAUNCHIMAGE_NAME = "LaunchImage-2";
				CODE_SIGN_IDENTITY = "iPhone Developer";
				"CODE_SIGN_IDENTITY[sdk=iphoneos*]" = "iPhone Developer";
				INFOPLIST_FILE = Quiz/Info.plist;
				LD_RUNPATH_SEARCH_PATHS = "$(inherited) @executable_path/Frameworks";
				PRODUCT_NAME = "$(TARGET_NAME)";
				PROVISIONING_PROFILE = "";
			};
			name = Debug;
		};
		2A0064AC1B2FA2E40083BC4B /* Release */ = {
			isa = XCBuildConfiguration;
			buildSettings = {
				ASSETCATALOG_COMPILER_APPICON_NAME = AppIcon;
				ASSETCATALOG_COMPILER_LAUNCHIMAGE_NAME = "LaunchImage-2";
				CODE_SIGN_IDENTITY = "iPhone Developer";
				"CODE_SIGN_IDENTITY[sdk=iphoneos*]" = "iPhone Developer";
				INFOPLIST_FILE = Quiz/Info.plist;
				LD_RUNPATH_SEARCH_PATHS = "$(inherited) @executable_path/Frameworks";
				PRODUCT_NAME = "$(TARGET_NAME)";
				PROVISIONING_PROFILE = "";
			};
			name = Release;
		};
		2A0064AE1B2FA2E40083BC4B /* Debug */ = {
			isa = XCBuildConfiguration;
			buildSettings = {
				BUNDLE_LOADER = "$(TEST_HOST)";
				FRAMEWORK_SEARCH_PATHS = (
					"$(SDKROOT)/Developer/Library/Frameworks",
					"$(inherited)",
				);
				GCC_PREPROCESSOR_DEFINITIONS = (
					"DEBUG=1",
					"$(inherited)",
				);
				INFOPLIST_FILE = QuizTests/Info.plist;
				LD_RUNPATH_SEARCH_PATHS = "$(inherited) @executable_path/Frameworks @loader_path/Frameworks";
				PRODUCT_NAME = "$(TARGET_NAME)";
				TEST_HOST = "$(BUILT_PRODUCTS_DIR)/Quiz.app/Quiz";
			};
			name = Debug;
		};
		2A0064AF1B2FA2E40083BC4B /* Release */ = {
			isa = XCBuildConfiguration;
			buildSettings = {
				BUNDLE_LOADER = "$(TEST_HOST)";
				FRAMEWORK_SEARCH_PATHS = (
					"$(SDKROOT)/Developer/Library/Frameworks",
					"$(inherited)",
				);
				INFOPLIST_FILE = QuizTests/Info.plist;
				LD_RUNPATH_SEARCH_PATHS = "$(inherited) @executable_path/Frameworks @loader_path/Frameworks";
				PRODUCT_NAME = "$(TARGET_NAME)";
				TEST_HOST = "$(BUILT_PRODUCTS_DIR)/Quiz.app/Quiz";
			};
			name = Release;
		};
/* End XCBuildConfiguration section */

/* Begin XCConfigurationList section */
		2A0064821B2FA2E40083BC4B /* Build configuration list for PBXProject "Quiz" */ = {
			isa = XCConfigurationList;
			buildConfigurations = (
				2A0064A81B2FA2E40083BC4B /* Debug */,
				2A0064A91B2FA2E40083BC4B /* Release */,
			);
			defaultConfigurationIsVisible = 0;
			defaultConfigurationName = Release;
		};
		2A0064AA1B2FA2E40083BC4B /* Build configuration list for PBXNativeTarget "Quiz" */ = {
			isa = XCConfigurationList;
			buildConfigurations = (
				2A0064AB1B2FA2E40083BC4B /* Debug */,
				2A0064AC1B2FA2E40083BC4B /* Release */,
			);
			defaultConfigurationIsVisible = 0;
			defaultConfigurationName = Release;
		};
		2A0064AD1B2FA2E40083BC4B /* Build configuration list for PBXNativeTarget "QuizTests" */ = {
			isa = XCConfigurationList;
			buildConfigurations = (
				2A0064AE1B2FA2E40083BC4B /* Debug */,
				2A0064AF1B2FA2E40083BC4B /* Release */,
			);
			defaultConfigurationIsVisible = 0;
			defaultConfigurationName = Release;
		};
/* End XCConfigurationList section */
	};
	rootObject = 2A00647F1B2FA2E40083BC4B /* Project object */;
}
